
Microsoft Visual Studio Solution File, Format Version 12.00
# Visual Studio Version 17
VisualStudioVersion = 17.13.35806.99 d17.13
MinimumVisualStudioVersion = 10.0.40219.1
Project("{FAE04EC0-301F-11D3-BF4B-00C04F79EFBC}") = "ShelfieBackend", "ShelfieBackend\ShelfieBackend.csproj", "{17D8804E-5371-4F9C-B318-4EEDC79795CA}"
EndProject
Global
	GlobalSection(SolutionConfigurationPlatforms) = preSolution
		Debug|Any CPU = Debug|Any CPU
		Release|Any CPU = Release|Any CPU
	EndGlobalSection
	GlobalSection(ProjectConfigurationPlatforms) = postSolution
		{17D8804E-5371-4F9C-B318-4EEDC79795CA}.Debug|Any CPU.ActiveCfg = Debug|Any CPU
		{17D8804E-5371-4F9C-B318-4EEDC79795CA}.Debug|Any CPU.Build.0 = Debug|Any CPU
		{17D8804E-5371-4F9C-B318-4EEDC79795CA}.Release|Any CPU.ActiveCfg = Release|Any CPU
		{17D8804E-5371-4F9C-B318-4EEDC79795CA}.Release|Any CPU.Build.0 = Release|Any CPU
	EndGlobalSection
	GlobalSection(SolutionProperties) = preSolution
		HideSolutionNode = FALSE
	EndGlobalSection
	GlobalSection(ExtensibilityGlobals) = postSolution
		SolutionGuid = {29534DBA-94C5-44F5-814F-BBDF5D2B8B1C}
	EndGlobalSection
EndGlobal
